# This file is autogenerated, do not edit; changes may be undone by the next 'dep ensure'.


[[projects]]
  digest = "1:92af3af7106897c682e665f62136f343708e293e62792578a5753af0473c7975"
  name = "github.com/cavaliercoder/grab"
  packages = ["."]
  pruneopts = "UT"
  revision = "2c8601de6d9ac140430fd4c9de28509a0b855af5"
  version = "v2.0.0"

[solve-meta]
  analyzer-name = "dep"
  analyzer-version = 1
  input-imports = ["github.com/cavaliercoder/grab"]
  solver-name = "gps-cdcl"
  solver-version = 1
